
Microsoft Visual Studio Solution File, Format Version 12.00
# Visual Studio Version 17
VisualStudioVersion = 17.4.33103.184
MinimumVisualStudioVersion = 10.0.40219.1
Project("{9A19103F-16F7-4668-BE54-9A1E7A4F7556}") = "webapi.health-clinic", "webapi.health-clinic.csproj", "{D99BFEEC-F19D-4B8D-BFDA-62F54DF6A84B}"
EndProject
Project("{2150E333-8FDC-42A3-9474-1A3956D46DE8}") = "Solution Items", "Solution Items", "{27E91A46-64D0-456C-88ED-FE5A19EEB6BE}"
	ProjectSection(SolutionItems) = preProject
		.editorconfig = .editorconfig
	EndProjectSection
EndProject
Global
	GlobalSection(SolutionConfigurationPlatforms) = preSolution
		Debug|Any CPU = Debug|Any CPU
		Release|Any CPU = Release|Any CPU
	EndGlobalSection
	GlobalSection(ProjectConfigurationPlatforms) = postSolution
		{D99BFEEC-F19D-4B8D-BFDA-62F54DF6A84B}.Debug|Any CPU.ActiveCfg = Debug|Any CPU
		{D99BFEEC-F19D-4B8D-BFDA-62F54DF6A84B}.Debug|Any CPU.Build.0 = Debug|Any CPU
		{D99BFEEC-F19D-4B8D-BFDA-62F54DF6A84B}.Release|Any CPU.ActiveCfg = Release|Any CPU
		{D99BFEEC-F19D-4B8D-BFDA-62F54DF6A84B}.Release|Any CPU.Build.0 = Release|Any CPU
	EndGlobalSection
	GlobalSection(SolutionProperties) = preSolution
		HideSolutionNode = FALSE
	EndGlobalSection
	GlobalSection(ExtensibilityGlobals) = postSolution
		SolutionGuid = {B5BFE929-0886-48EB-858B-58A73CE83EA1}
	EndGlobalSection
EndGlobal
